{
  "name": "gis-maps",
  "version": "0.0.0",
  "lockfileVersion": 1,
  "requires": true,
  "dependencies": {
    "bootstrap": {
      "version": "4.0.0-beta.3",
      "resolved": "https://registry.npmjs.org/bootstrap/-/bootstrap-4.0.0-beta.3.tgz",
      "integrity": "sha512-/Qe1Q2d1muLEZRX2iCteMQHZBBAm6ZIjJ9FcBYK/xLr05+HvDtBOVBN+Cz7mCNZuy0zr+y5artZHM05W7mIz6g=="
    },
    "electron-toaster": {
      "version": "2.0.4",
      "resolved": "https://registry.npmjs.org/electron-toaster/-/electron-toaster-2.0.4.tgz",
      "integrity": "sha1-rH17uferBFApcjFVAukSx2ek37I="
    }
  }
}
